
Microsoft Visual Studio Solution File, Format Version 12.00
# Visual Studio Version 16
VisualStudioVersion = 16.0.29920.165
MinimumVisualStudioVersion = 10.0.40219.1
Project("{FAE04EC0-301F-11D3-BF4B-00C04F79EFBC}") = "IRF_Project_Gieda_Bianka_FYZINS", "IRF_Project_Gieda_Bianka_FYZINS\IRF_Project_Gieda_Bianka_FYZINS.csproj", "{BE8949E1-94BF-4989-86AB-5230B5901E1E}"
EndProject
Global
	GlobalSection(SolutionConfigurationPlatforms) = preSolution
		Debug|Any CPU = Debug|Any CPU
		Release|Any CPU = Release|Any CPU
	EndGlobalSection
	GlobalSection(ProjectConfigurationPlatforms) = postSolution
		{BE8949E1-94BF-4989-86AB-5230B5901E1E}.Debug|Any CPU.ActiveCfg = Debug|Any CPU
		{BE8949E1-94BF-4989-86AB-5230B5901E1E}.Debug|Any CPU.Build.0 = Debug|Any CPU
		{BE8949E1-94BF-4989-86AB-5230B5901E1E}.Release|Any CPU.ActiveCfg = Release|Any CPU
		{BE8949E1-94BF-4989-86AB-5230B5901E1E}.Release|Any CPU.Build.0 = Release|Any CPU
	EndGlobalSection
	GlobalSection(SolutionProperties) = preSolution
		HideSolutionNode = FALSE
	EndGlobalSection
	GlobalSection(ExtensibilityGlobals) = postSolution
		SolutionGuid = {A8CBB849-8506-44B8-8545-94DE888773D2}
	EndGlobalSection
EndGlobal
